
Microsoft Visual Studio Solution File, Format Version 12.00
# Visual Studio Version 18
VisualStudioVersion = 18.4.11612.150 stable
MinimumVisualStudioVersion = 10.0.40219.1
Project("{FAE04EC0-301F-11D3-BF4B-00C04F79EFBC}") = "JogoCartas.Core", "JogoCartas.Core\JogoCartas.Core.csproj", "{C87383C3-C5C6-4818-B2D1-78B6D229E2B5}"
EndProject
Project("{2150E333-8FDC-42A3-9474-1A3956D46DE8}") = "Itens de Solução", "Itens de Solução", "{7B83BD34-C482-46DD-9173-42A805B343D7}"
	ProjectSection(SolutionItems) = preProject
		README.md = README.md
	EndProjectSection
EndProject
Global
	GlobalSection(SolutionConfigurationPlatforms) = preSolution
		Debug|Any CPU = Debug|Any CPU
		Release|Any CPU = Release|Any CPU
	EndGlobalSection
	GlobalSection(ProjectConfigurationPlatforms) = postSolution
		{C87383C3-C5C6-4818-B2D1-78B6D229E2B5}.Debug|Any CPU.ActiveCfg = Debug|Any CPU
		{C87383C3-C5C6-4818-B2D1-78B6D229E2B5}.Debug|Any CPU.Build.0 = Debug|Any CPU
		{C87383C3-C5C6-4818-B2D1-78B6D229E2B5}.Release|Any CPU.ActiveCfg = Release|Any CPU
		{C87383C3-C5C6-4818-B2D1-78B6D229E2B5}.Release|Any CPU.Build.0 = Release|Any CPU
	EndGlobalSection
	GlobalSection(SolutionProperties) = preSolution
		HideSolutionNode = FALSE
	EndGlobalSection
	GlobalSection(ExtensibilityGlobals) = postSolution
		SolutionGuid = {86731998-41D3-4F4A-AAA9-C13EFC24954F}
	EndGlobalSection
EndGlobal
